
Microsoft Visual Studio Solution File, Format Version 10.00
# Visual Studio 2008
Project("{FAE04EC0-301F-11D3-BF4B-00C04F79EFBC}") = "ExVarCompass3D", "ExVarCompass3D\ExVarCompass3D.csproj", "{27FE0479-029A-44D9-91BC-AFCA8D87BB95}"
EndProject
Global
	GlobalSection(SolutionConfigurationPlatforms) = preSolution
		Debug|Any CPU = Debug|Any CPU
		Release|Any CPU = Release|Any CPU
	EndGlobalSection
	GlobalSection(ProjectConfigurationPlatforms) = postSolution
		{27FE0479-029A-44D9-91BC-AFCA8D87BB95}.Debug|Any CPU.ActiveCfg = Debug|Any CPU
		{27FE0479-029A-44D9-91BC-AFCA8D87BB95}.Debug|Any CPU.Build.0 = Debug|Any CPU
		{27FE0479-029A-44D9-91BC-AFCA8D87BB95}.Release|Any CPU.ActiveCfg = Release|Any CPU
		{27FE0479-029A-44D9-91BC-AFCA8D87BB95}.Release|Any CPU.Build.0 = Release|Any CPU
	EndGlobalSection
	GlobalSection(SolutionProperties) = preSolution
		HideSolutionNode = FALSE
	EndGlobalSection
EndGlobal
