
Microsoft Visual Studio Solution File, Format Version 10.00
# Visual Studio 2008
Project("{FAE04EC0-301F-11D3-BF4B-00C04F79EFBC}") = "ActiveX_Kompas", "ActiveX_Kompas\ActiveX_Kompas.csproj", "{CF1AE9D3-10AE-4E65-B2E2-665B29EC42ED}"
EndProject
Project("{FAE04EC0-301F-11D3-BF4B-00C04F79EFBC}") = "Control_Kompas", "Control_Kompas\Control_Kompas.csproj", "{D23D4102-A0DD-44C2-AED3-B0A0D5A94929}"
EndProject
Global
	GlobalSection(SolutionConfigurationPlatforms) = preSolution
		Debug|Any CPU = Debug|Any CPU
		Release|Any CPU = Release|Any CPU
	EndGlobalSection
	GlobalSection(ProjectConfigurationPlatforms) = postSolution
		{CF1AE9D3-10AE-4E65-B2E2-665B29EC42ED}.Debug|Any CPU.ActiveCfg = Debug|Any CPU
		{CF1AE9D3-10AE-4E65-B2E2-665B29EC42ED}.Debug|Any CPU.Build.0 = Debug|Any CPU
		{CF1AE9D3-10AE-4E65-B2E2-665B29EC42ED}.Release|Any CPU.ActiveCfg = Release|Any CPU
		{CF1AE9D3-10AE-4E65-B2E2-665B29EC42ED}.Release|Any CPU.Build.0 = Release|Any CPU
		{D23D4102-A0DD-44C2-AED3-B0A0D5A94929}.Debug|Any CPU.ActiveCfg = Debug|Any CPU
		{D23D4102-A0DD-44C2-AED3-B0A0D5A94929}.Debug|Any CPU.Build.0 = Debug|Any CPU
		{D23D4102-A0DD-44C2-AED3-B0A0D5A94929}.Release|Any CPU.ActiveCfg = Release|Any CPU
		{D23D4102-A0DD-44C2-AED3-B0A0D5A94929}.Release|Any CPU.Build.0 = Release|Any CPU
	EndGlobalSection
	GlobalSection(SolutionProperties) = preSolution
		HideSolutionNode = FALSE
	EndGlobalSection
EndGlobal
